
Microsoft Visual Studio Solution File, Format Version 12.00
# Visual Studio Version 17
VisualStudioVersion = 17.9.34723.18
MinimumVisualStudioVersion = 10.0.40219.1
Project("{FAE04EC0-301F-11D3-BF4B-00C04F79EFBC}") = "WordSearcher", "WordSearcher.csproj", "{B787A2CF-8873-42F8-AB1C-46FB363AA655}"
EndProject
Global
	GlobalSection(SolutionConfigurationPlatforms) = preSolution
		Debug|Any CPU = Debug|Any CPU
		Release|Any CPU = Release|Any CPU
	EndGlobalSection
	GlobalSection(ProjectConfigurationPlatforms) = postSolution
		{B787A2CF-8873-42F8-AB1C-46FB363AA655}.Debug|Any CPU.ActiveCfg = Debug|Any CPU
		{B787A2CF-8873-42F8-AB1C-46FB363AA655}.Debug|Any CPU.Build.0 = Debug|Any CPU
		{B787A2CF-8873-42F8-AB1C-46FB363AA655}.Release|Any CPU.ActiveCfg = Release|Any CPU
		{B787A2CF-8873-42F8-AB1C-46FB363AA655}.Release|Any CPU.Build.0 = Release|Any CPU
	EndGlobalSection
	GlobalSection(SolutionProperties) = preSolution
		HideSolutionNode = FALSE
	EndGlobalSection
	GlobalSection(ExtensibilityGlobals) = postSolution
		SolutionGuid = {91BED4F7-2090-4D5C-8DCD-66614BA926EB}
	EndGlobalSection
EndGlobal
